
Microsoft Visual Studio Solution File, Format Version 12.00
# Visual Studio 15
VisualStudioVersion = 15.0.27703.2042
MinimumVisualStudioVersion = 10.0.40219.1
Project("{00D1A9C2-B5F0-4AF3-8072-F6C62B433612}") = "MessageBoard.Database", "MessageBoard.Database\MessageBoard.Database.sqlproj", "{BBB1BE39-3A87-4A7D-A0C8-F35E4DBB6E06}"
EndProject
Project("{FAE04EC0-301F-11D3-BF4B-00C04F79EFBC}") = "MessageBoard.Service", "MessageBoard.Service\MessageBoard.Service.csproj", "{248A761D-A9FE-4897-86DA-85E06EF1CFFA}"
EndProject
Project("{FAE04EC0-301F-11D3-BF4B-00C04F79EFBC}") = "MessageBoard.Library", "MessageBoard.Library\MessageBoard.Library.csproj", "{DEE36658-F627-438F-BA57-246190795C97}"
EndProject
Project("{FAE04EC0-301F-11D3-BF4B-00C04F79EFBC}") = "MessageBoard.Web", "MessageBoard.Web\MessageBoard.Web.csproj", "{B68D0BED-8EEF-486C-B2B2-BE490D52DFA3}"
EndProject
Global
	GlobalSection(SolutionConfigurationPlatforms) = preSolution
		Debug|Any CPU = Debug|Any CPU
		Release|Any CPU = Release|Any CPU
	EndGlobalSection
	GlobalSection(ProjectConfigurationPlatforms) = postSolution
		{BBB1BE39-3A87-4A7D-A0C8-F35E4DBB6E06}.Debug|Any CPU.ActiveCfg = Debug|Any CPU
		{BBB1BE39-3A87-4A7D-A0C8-F35E4DBB6E06}.Debug|Any CPU.Build.0 = Debug|Any CPU
		{BBB1BE39-3A87-4A7D-A0C8-F35E4DBB6E06}.Debug|Any CPU.Deploy.0 = Debug|Any CPU
		{BBB1BE39-3A87-4A7D-A0C8-F35E4DBB6E06}.Release|Any CPU.ActiveCfg = Release|Any CPU
		{BBB1BE39-3A87-4A7D-A0C8-F35E4DBB6E06}.Release|Any CPU.Build.0 = Release|Any CPU
		{BBB1BE39-3A87-4A7D-A0C8-F35E4DBB6E06}.Release|Any CPU.Deploy.0 = Release|Any CPU
		{248A761D-A9FE-4897-86DA-85E06EF1CFFA}.Debug|Any CPU.ActiveCfg = Debug|Any CPU
		{248A761D-A9FE-4897-86DA-85E06EF1CFFA}.Debug|Any CPU.Build.0 = Debug|Any CPU
		{248A761D-A9FE-4897-86DA-85E06EF1CFFA}.Release|Any CPU.ActiveCfg = Release|Any CPU
		{248A761D-A9FE-4897-86DA-85E06EF1CFFA}.Release|Any CPU.Build.0 = Release|Any CPU
		{DEE36658-F627-438F-BA57-246190795C97}.Debug|Any CPU.ActiveCfg = Debug|Any CPU
		{DEE36658-F627-438F-BA57-246190795C97}.Debug|Any CPU.Build.0 = Debug|Any CPU
		{DEE36658-F627-438F-BA57-246190795C97}.Release|Any CPU.ActiveCfg = Release|Any CPU
		{DEE36658-F627-438F-BA57-246190795C97}.Release|Any CPU.Build.0 = Release|Any CPU
		{B68D0BED-8EEF-486C-B2B2-BE490D52DFA3}.Debug|Any CPU.ActiveCfg = Debug|Any CPU
		{B68D0BED-8EEF-486C-B2B2-BE490D52DFA3}.Debug|Any CPU.Build.0 = Debug|Any CPU
		{B68D0BED-8EEF-486C-B2B2-BE490D52DFA3}.Release|Any CPU.ActiveCfg = Release|Any CPU
		{B68D0BED-8EEF-486C-B2B2-BE490D52DFA3}.Release|Any CPU.Build.0 = Release|Any CPU
	EndGlobalSection
	GlobalSection(SolutionProperties) = preSolution
		HideSolutionNode = FALSE
	EndGlobalSection
	GlobalSection(ExtensibilityGlobals) = postSolution
		SolutionGuid = {3017E553-31A6-4601-8D20-82FC4497DBF6}
	EndGlobalSection
EndGlobal
